
Microsoft Visual Studio Solution File, Format Version 12.00
# Visual Studio 15
Project("{FAE04EC0-301F-11D3-BF4B-00C04F79EFBC}") = "Rhino3dm.iOS", "Rhino3dm.iOS.csproj", "{1E82F7EA-863D-4AE0-AD80-74E660CF71FF}"
EndProject
Global
	GlobalSection(SolutionConfigurationPlatforms) = preSolution
		Debug|Any CPU = Debug|Any CPU
		Release|Any CPU = Release|Any CPU
	EndGlobalSection
	GlobalSection(ProjectConfigurationPlatforms) = postSolution
		{1E82F7EA-863D-4AE0-AD80-74E660CF71FF}.Debug|Any CPU.ActiveCfg = Debug|Any CPU
		{1E82F7EA-863D-4AE0-AD80-74E660CF71FF}.Debug|Any CPU.Build.0 = Debug|Any CPU
		{1E82F7EA-863D-4AE0-AD80-74E660CF71FF}.Release|Any CPU.ActiveCfg = Release|Any CPU
		{1E82F7EA-863D-4AE0-AD80-74E660CF71FF}.Release|Any CPU.Build.0 = Release|Any CPU
	EndGlobalSection
EndGlobal
